
Microsoft Visual Studio Solution File, Format Version 12.00
# Visual Studio Version 17
VisualStudioVersion = 17.6.33723.286
MinimumVisualStudioVersion = 10.0.40219.1
Project("{FAE04EC0-301F-11D3-BF4B-00C04F79EFBC}") = "ImportData", "ImportData\ImportData.csproj", "{1C987EB1-5233-41C4-BEC8-8EB5CF51CFAA}"
EndProject
Global
	GlobalSection(SolutionConfigurationPlatforms) = preSolution
		Debug|Any CPU = Debug|Any CPU
		Release|Any CPU = Release|Any CPU
	EndGlobalSection
	GlobalSection(ProjectConfigurationPlatforms) = postSolution
		{1C987EB1-5233-41C4-BEC8-8EB5CF51CFAA}.Debug|Any CPU.ActiveCfg = Debug|Any CPU
		{1C987EB1-5233-41C4-BEC8-8EB5CF51CFAA}.Debug|Any CPU.Build.0 = Debug|Any CPU
		{1C987EB1-5233-41C4-BEC8-8EB5CF51CFAA}.Release|Any CPU.ActiveCfg = Release|Any CPU
		{1C987EB1-5233-41C4-BEC8-8EB5CF51CFAA}.Release|Any CPU.Build.0 = Release|Any CPU
	EndGlobalSection
	GlobalSection(SolutionProperties) = preSolution
		HideSolutionNode = FALSE
	EndGlobalSection
	GlobalSection(ExtensibilityGlobals) = postSolution
		SolutionGuid = {2101F6AD-7BC3-410A-9AEE-DA5E81B46A91}
	EndGlobalSection
EndGlobal
